Microsoft Visual Studio Solution File, Format Version 12.00
# Visual Studio Version 17
VisualStudioVersion = 17.5.2.0
MinimumVisualStudioVersion = 10.0.40219.1
Project("{2150E333-8FDC-42A3-9474-1A3956D46DE8}") = "16_a91e_DLL", "16_a91e_DLL", "{6C50FA5E-EFE8-69B3-FB90-165FB6B8BB76}"
EndProject
Project("{2150E333-8FDC-42A3-9474-1A3956D46DE8}") = "solution", "solution", "{4BFFA701-1BF2-D3A0-9D8B-6B2293A3913C}"
EndProject
Project("{FAE04EC0-301F-11D3-BF4B-00C04F79EFBC}") = "projectlibrary", "16_a91e_DLL\solution\projectlibrary\projectlibrary.csproj", "{26DDDD11-9944-C04E-F08D-CEDC5A1D61EA}"
EndProject
Global
	GlobalSection(SolutionConfigurationPlatforms) = preSolution
		Debug|Any CPU = Debug|Any CPU
		Release|Any CPU = Release|Any CPU
	EndGlobalSection
	GlobalSection(ProjectConfigurationPlatforms) = postSolution
		{26DDDD11-9944-C04E-F08D-CEDC5A1D61EA}.Debug|Any CPU.ActiveCfg = Debug|Any CPU
		{26DDDD11-9944-C04E-F08D-CEDC5A1D61EA}.Debug|Any CPU.Build.0 = Debug|Any CPU
		{26DDDD11-9944-C04E-F08D-CEDC5A1D61EA}.Release|Any CPU.ActiveCfg = Release|Any CPU
		{26DDDD11-9944-C04E-F08D-CEDC5A1D61EA}.Release|Any CPU.Build.0 = Release|Any CPU
	EndGlobalSection
	GlobalSection(SolutionProperties) = preSolution
		HideSolutionNode = FALSE
	EndGlobalSection
	GlobalSection(NestedProjects) = preSolution
		{4BFFA701-1BF2-D3A0-9D8B-6B2293A3913C} = {6C50FA5E-EFE8-69B3-FB90-165FB6B8BB76}
		{26DDDD11-9944-C04E-F08D-CEDC5A1D61EA} = {4BFFA701-1BF2-D3A0-9D8B-6B2293A3913C}
	EndGlobalSection
	GlobalSection(ExtensibilityGlobals) = postSolution
		SolutionGuid = {212380FB-DA76-4816-84EF-138789517E35}
	EndGlobalSection
EndGlobal
